
Microsoft Visual Studio Solution File, Format Version 12.00
# Visual Studio 15
VisualStudioVersion = 15.0.28307.902
MinimumVisualStudioVersion = 10.0.40219.1
Project("{FAE04EC0-301F-11D3-BF4B-00C04F79EFBC}") = "Android-Server", "Android-Server\Android-Server.csproj", "{8C11E0DC-E4D3-4D59-B3F1-F4D5D42EA3BA}"
EndProject
Global
	GlobalSection(SolutionConfigurationPlatforms) = preSolution
		Debug|Any CPU = Debug|Any CPU
		Release|Any CPU = Release|Any CPU
	EndGlobalSection
	GlobalSection(ProjectConfigurationPlatforms) = postSolution
		{8C11E0DC-E4D3-4D59-B3F1-F4D5D42EA3BA}.Debug|Any CPU.ActiveCfg = Debug|Any CPU
		{8C11E0DC-E4D3-4D59-B3F1-F4D5D42EA3BA}.Debug|Any CPU.Build.0 = Debug|Any CPU
		{8C11E0DC-E4D3-4D59-B3F1-F4D5D42EA3BA}.Release|Any CPU.ActiveCfg = Release|Any CPU
		{8C11E0DC-E4D3-4D59-B3F1-F4D5D42EA3BA}.Release|Any CPU.Build.0 = Release|Any CPU
	EndGlobalSection
	GlobalSection(SolutionProperties) = preSolution
		HideSolutionNode = FALSE
	EndGlobalSection
	GlobalSection(ExtensibilityGlobals) = postSolution
		SolutionGuid = {96780B43-F388-4515-9685-8EAFA25D593A}
	EndGlobalSection
EndGlobal
